
Microsoft Visual Studio Solution File, Format Version 12.00
# Visual Studio Version 16
VisualStudioVersion = 16.0.31702.278
MinimumVisualStudioVersion = 10.0.40219.1
Project("{FAE04EC0-301F-11D3-BF4B-00C04F79EFBC}") = "shoppingListLab", "shoppingListLab\shoppingListLab.csproj", "{9D9D499A-AFB6-42CE-B842-49E1E790143D}"
EndProject
Global
	GlobalSection(SolutionConfigurationPlatforms) = preSolution
		Debug|Any CPU = Debug|Any CPU
		Release|Any CPU = Release|Any CPU
	EndGlobalSection
	GlobalSection(ProjectConfigurationPlatforms) = postSolution
		{9D9D499A-AFB6-42CE-B842-49E1E790143D}.Debug|Any CPU.ActiveCfg = Debug|Any CPU
		{9D9D499A-AFB6-42CE-B842-49E1E790143D}.Debug|Any CPU.Build.0 = Debug|Any CPU
		{9D9D499A-AFB6-42CE-B842-49E1E790143D}.Release|Any CPU.ActiveCfg = Release|Any CPU
		{9D9D499A-AFB6-42CE-B842-49E1E790143D}.Release|Any CPU.Build.0 = Release|Any CPU
	EndGlobalSection
	GlobalSection(SolutionProperties) = preSolution
		HideSolutionNode = FALSE
	EndGlobalSection
	GlobalSection(ExtensibilityGlobals) = postSolution
		SolutionGuid = {928C9FBF-A626-45BD-8753-9E5FD171A630}
	EndGlobalSection
EndGlobal
